
Microsoft Visual Studio Solution File, Format Version 12.00
# Visual Studio Version 16
VisualStudioVersion = 16.0.30309.148
MinimumVisualStudioVersion = 10.0.40219.1
Project("{FAE04EC0-301F-11D3-BF4B-00C04F79EFBC}") = "ToDoList", "ToDoList\ToDoList.csproj", "{2DF021F2-E126-405B-8C71-78072730C21B}"
EndProject
Global
	GlobalSection(SolutionConfigurationPlatforms) = preSolution
		Debug|Any CPU = Debug|Any CPU
		Release|Any CPU = Release|Any CPU
	EndGlobalSection
	GlobalSection(ProjectConfigurationPlatforms) = postSolution
		{2DF021F2-E126-405B-8C71-78072730C21B}.Debug|Any CPU.ActiveCfg = Debug|Any CPU
		{2DF021F2-E126-405B-8C71-78072730C21B}.Debug|Any CPU.Build.0 = Debug|Any CPU
		{2DF021F2-E126-405B-8C71-78072730C21B}.Release|Any CPU.ActiveCfg = Release|Any CPU
		{2DF021F2-E126-405B-8C71-78072730C21B}.Release|Any CPU.Build.0 = Release|Any CPU
	EndGlobalSection
	GlobalSection(SolutionProperties) = preSolution
		HideSolutionNode = FALSE
	EndGlobalSection
	GlobalSection(ExtensibilityGlobals) = postSolution
		SolutionGuid = {79EC7F18-A213-47AE-8A51-3512591037D7}
	EndGlobalSection
EndGlobal
